
Microsoft Visual Studio Solution File, Format Version 12.00
Project("{FAE04EC0-301F-11D3-BF4B-00C04F79EFBC}") = "MessageTransferBot", "MessageTransferBot\MessageTransferBot.csproj", "{34CE9291-52B4-41EB-A2D7-0622A4BA715E}"
EndProject
Project("{FAE04EC0-301F-11D3-BF4B-00C04F79EFBC}") = "MessageTransferBot.Data", "MessageTransferBot.Data\MessageTransferBot.Data.csproj", "{6636D755-B3B9-4173-8649-F299AEB29F4C}"
EndProject
Global
	GlobalSection(SolutionConfigurationPlatforms) = preSolution
		Debug|Any CPU = Debug|Any CPU
		Release|Any CPU = Release|Any CPU
	EndGlobalSection
	GlobalSection(ProjectConfigurationPlatforms) = postSolution
		{34CE9291-52B4-41EB-A2D7-0622A4BA715E}.Debug|Any CPU.ActiveCfg = Debug|Any CPU
		{34CE9291-52B4-41EB-A2D7-0622A4BA715E}.Debug|Any CPU.Build.0 = Debug|Any CPU
		{34CE9291-52B4-41EB-A2D7-0622A4BA715E}.Release|Any CPU.ActiveCfg = Release|Any CPU
		{34CE9291-52B4-41EB-A2D7-0622A4BA715E}.Release|Any CPU.Build.0 = Release|Any CPU
		{6636D755-B3B9-4173-8649-F299AEB29F4C}.Debug|Any CPU.ActiveCfg = Debug|Any CPU
		{6636D755-B3B9-4173-8649-F299AEB29F4C}.Debug|Any CPU.Build.0 = Debug|Any CPU
		{6636D755-B3B9-4173-8649-F299AEB29F4C}.Release|Any CPU.ActiveCfg = Release|Any CPU
		{6636D755-B3B9-4173-8649-F299AEB29F4C}.Release|Any CPU.Build.0 = Release|Any CPU
	EndGlobalSection
EndGlobal
