
Microsoft Visual Studio Solution File, Format Version 12.00
Project("{FAE04EC0-301F-11D3-BF4B-00C04F79EFBC}") = "TelegramAggregator", "TelegramAggregator\TelegramAggregator.csproj", "{26D56FC2-A910-45FE-B3C0-F8F41FE33CA4}"
EndProject
Project("{FAE04EC0-301F-11D3-BF4B-00C04F79EFBC}") = "TelegramAggregator.Data", "TelegramAggregator.Data\TelegramAggregator.Data.csproj", "{ABE946E2-EDE6-4DD4-BC71-4D8EF21794B7}"
EndProject
Global
	GlobalSection(SolutionConfigurationPlatforms) = preSolution
		Debug|Any CPU = Debug|Any CPU
		Release|Any CPU = Release|Any CPU
	EndGlobalSection
	GlobalSection(ProjectConfigurationPlatforms) = postSolution
		{26D56FC2-A910-45FE-B3C0-F8F41FE33CA4}.Debug|Any CPU.ActiveCfg = Debug|Any CPU
		{26D56FC2-A910-45FE-B3C0-F8F41FE33CA4}.Debug|Any CPU.Build.0 = Debug|Any CPU
		{26D56FC2-A910-45FE-B3C0-F8F41FE33CA4}.Release|Any CPU.ActiveCfg = Release|Any CPU
		{26D56FC2-A910-45FE-B3C0-F8F41FE33CA4}.Release|Any CPU.Build.0 = Release|Any CPU
		{ABE946E2-EDE6-4DD4-BC71-4D8EF21794B7}.Debug|Any CPU.ActiveCfg = Debug|Any CPU
		{ABE946E2-EDE6-4DD4-BC71-4D8EF21794B7}.Debug|Any CPU.Build.0 = Debug|Any CPU
		{ABE946E2-EDE6-4DD4-BC71-4D8EF21794B7}.Release|Any CPU.ActiveCfg = Release|Any CPU
		{ABE946E2-EDE6-4DD4-BC71-4D8EF21794B7}.Release|Any CPU.Build.0 = Release|Any CPU
	EndGlobalSection
EndGlobal
